{
  "name": "logger",
  "version": "1.0.0",
  "lockfileVersion": 2,
  "requires": true,
  "packages": {
    "": {
      "name": "logger",
      "version": "1.0.0",
      "license": "MIT",
      "devDependencies": {
        "@types/node": "^20.4.3"
      }
    },
    "node_modules/@types/node": {
      "version": "20.4.3",
      "resolved": "https://registry.npmjs.org/@types/node/-/node-20.4.3.tgz",
      "integrity": "sha512-Yu3+r4Mn/iY6Mf0aihncZQ1qOjOUrCiodbHHY1hds5O+7BbKp9t+Li7zLO13zO8j9L2C6euz8xsYQP0rjGvVXw==",
      "dev": true
    }
  },
  "dependencies": {
    "@types/node": {
      "version": "20.4.3",
      "resolved": "https://registry.npmjs.org/@types/node/-/node-20.4.3.tgz",
      "integrity": "sha512-Yu3+r4Mn/iY6Mf0aihncZQ1qOjOUrCiodbHHY1hds5O+7BbKp9t+Li7zLO13zO8j9L2C6euz8xsYQP0rjGvVXw==",
      "dev": true
    }
  }
}
